// !$*UTF8*$!
{
	archiveVersion = 1;
	classes = {
	};
	objectVersion = 48;
	objects = {

/* Begin PBXBuildFile section */
		D2C503D85C8CB57131C79AD1 /* Pods_Dining_Tracker.framework in Frameworks */ = {isa = PBXBuildFile; fileRef = 9D42E115406A499E6E192AAA /* Pods_Dining_Tracker.framework */; };
		FA6883E01F733C2E000A26F6 /* PriceGroup.m in Sources */ = {isa = PBXBuildFile; fileRef = FA6883DF1F733C2E000A26F6 /* PriceGroup.m */; };
		FA7AD4561F740B8900CFD93A /* DiningTracker.m in Sources */ = {isa = PBXBuildFile; fileRef = FAC48B2E1F717A1E003462EB /* DiningTracker.m */; };
		FAA4C2AA1F7D746100BCCB7F /* CalendarViewController.m in Sources */ = {isa = PBXBuildFile; fileRef = FAA4C2A91F7D746100BCCB7F /* CalendarViewController.m */; };
		FABA4D521F7EC9780086D830 /* AboutViewController.m in Sources */ = {isa = PBXBuildFile; fileRef = FABA4D511F7EC9780086D830 /* AboutViewController.m */; };
		FAC48B071F7178FD003462EB /* Interface.storyboard in Resources */ = {isa = PBXBuildFile; fileRef = FAC48B051F7178FD003462EB /* Interface.storyboard */; };
		FAC48B091F7178FD003462EB /* Assets.xcassets in Resources */ = {isa = PBXBuildFile; fileRef = FAC48B081F7178FD003462EB /* Assets.xcassets */; };
		FAC48B101F7178FD003462EB /* Dining Tracker Watch Extension.appex in Embed App Extensions */ = {isa = PBXBuildFile; fileRef = FAC48B0F1F7178FD003462EB /* Dining Tracker Watch Extension.appex */; settings = {ATTRIBUTES = (RemoveHeadersOnCopy, ); }; };
		FAC48B161F7178FD003462EB /* InterfaceController.m in Sources */ = {isa = PBXBuildFile; fileRef = FAC48B151F7178FD003462EB /* InterfaceController.m */; };
		FAC48B191F7178FD003462EB /* ExtensionDelegate.m in Sources */ = {isa = PBXBuildFile; fileRef = FAC48B181F7178FD003462EB /* ExtensionDelegate.m */; };
		FAC48B1C1F7178FD003462EB /* NotificationController.m in Sources */ = {isa = PBXBuildFile; fileRef = FAC48B1B1F7178FD003462EB /* NotificationController.m */; };
		FAC48B1E1F7178FD003462EB /* Assets.xcassets in Resources */ = {isa = PBXBuildFile; fileRef = FAC48B1D1F7178FD003462EB /* Assets.xcassets */; };
		FAC48B2F1F717A1E003462EB /* DiningTracker.m in Sources */ = {isa = PBXBuildFile; fileRef = FAC48B2E1F717A1E003462EB /* DiningTracker.m */; };
		FAD028BD1F68400600CA0122 /* main.m in Sources */ = {isa = PBXBuildFile; fileRef = FAD028BC1F68400600CA0122 /* main.m */; };
		FAD028C01F68400600CA0122 /* AppDelegate.m in Sources */ = {isa = PBXBuildFile; fileRef = FAD028BF1F68400600CA0122 /* AppDelegate.m */; };
		FAD028C31F68400600CA0122 /* ViewController.m in Sources */ = {isa = PBXBuildFile; fileRef = FAD028C21F68400600CA0122 /* ViewController.m */; };
		FAD028C61F68400600CA0122 /* Main.storyboard in Resources */ = {isa = PBXBuildFile; fileRef = FAD028C41F68400600CA0122 /* Main.storyboard */; };
		FAD028C91F68400600CA0122 /* Dining_Tracker.xcdatamodeld in Sources */ = {isa = PBXBuildFile; fileRef = FAD028C71F68400600CA0122 /* Dining_Tracker.xcdatamodeld */; };
		FAD028CB1F68400600CA0122 /* Assets.xcassets in Resources */ = {isa = PBXBuildFile; fileRef = FAD028CA1F68400600CA0122 /* Assets.xcassets */; };
		FAD028CE1F68400600CA0122 /* LaunchScreen.storyboard in Resources */ = {isa = PBXBuildFile; fileRef = FAD028CC1F68400600CA0122 /* LaunchScreen.storyboard */; };
		FAD028D91F68400600CA0122 /* Dining_TrackerTests.m in Sources */ = {isa = PBXBuildFile; fileRef = FAD028D81F68400600CA0122 /* Dining_TrackerTests.m */; };
		FAD028E41F68400600CA0122 /* Dining_TrackerUITests.m in Sources */ = {isa = PBXBuildFile; fileRef = FAD028E31F68400600CA0122 /* Dining_TrackerUITests.m */; };
		FD5A3931F1425B3A601F9281 /* Pods_Dining_Tracker_Watch.framework in Frameworks */ = {isa = PBXBuildFile; fileRef = D625FA387B95B93ACA463FAE /* Pods_Dining_Tracker_Watch.framework */; };
/* End PBXBuildFile section */

/* Begin PBXContainerItemProxy section */
		FAC48B111F7178FD003462EB /* PBXContainerItemProxy */ = {
			isa = PBXContainerItemProxy;
			containerPortal = FAD028B01F68400600CA0122 /* Project object */;
			proxyType = 1;
			remoteGlobalIDString = FAC48B0E1F7178FD003462EB;
			remoteInfo = "Dining Tracker Watch Extension";
		};
		FAD028D51F68400600CA0122 /* PBXContainerItemProxy */ = {
			isa = PBXContainerItemProxy;
			containerPortal = FAD028B01F68400600CA0122 /* Project object */;
			proxyType = 1;
			remoteGlobalIDString = FAD028B71F68400600CA0122;
			remoteInfo = "Dining Tracker";
		};
		FAD028E01F68400600CA0122 /* PBXContainerItemProxy */ = {
			isa = PBXContainerItemProxy;
			containerPortal = FAD028B01F68400600CA0122 /* Project object */;
			proxyType = 1;
			remoteGlobalIDString = FAD028B71F68400600CA0122;
			remoteInfo = "Dining Tracker";
		};
/* End PBXContainerItemProxy section */

/* Begin PBXCopyFilesBuildPhase section */
		FAC48B271F7178FD003462EB /* Embed App Extensions */ = {
			isa = PBXCopyFilesBuildPhase;
			buildActionMask = 2147483647;
			dstPath = "";
			dstSubfolderSpec = 13;
			files = (
				FAC48B101F7178FD003462EB /* Dining Tracker Watch Extension.appex in Embed App Extensions */,
			);
			name = "Embed App Extensions";
			runOnlyForDeploymentPostprocessing = 0;
		};
		FAC48B2B1F7178FD003462EB /* Embed Watch Content */ = {
			isa = PBXCopyFilesBuildPhase;
			buildActionMask = 2147483647;
			dstPath = "$(CONTENTS_FOLDER_PATH)/Watch";
			dstSubfolderSpec = 16;
			files = (
			);
			name = "Embed Watch Content";
			runOnlyForDeploymentPostprocessing = 0;
		};
/* End PBXCopyFilesBuildPhase section */

/* Begin PBXFileReference section */
		19D53CFF7DDA32F2EDA0A06C /* Pods-Dining Tracker.release.xcconfig */ = {isa = PBXFileReference; includeInIndex = 1; lastKnownFileType = text.xcconfig; name = "Pods-Dining Tracker.release.xcconfig"; path = "Pods/Target Support Files/Pods-Dining Tracker/Pods-Dining Tracker.release.xcconfig"; sourceTree = "<group>"; };
		1D555E268C856A9D035B1BCB /* Pods-Dining Tracker Watch.release.xcconfig */ = {isa = PBXFileReference; includeInIndex = 1; lastKnownFileType = text.xcconfig; name = "Pods-Dining Tracker Watch.release.xcconfig"; path = "Pods/Target Support Files/Pods-Dining Tracker Watch/Pods-Dining Tracker Watch.release.xcconfig"; sourceTree = "<group>"; };
		919A1842642FC4920E60296A /* Pods_Dining_Tracker_Watch_Extension.framework */ = {isa = PBXFileReference; explicitFileType = wrapper.framework; includeInIndex = 0; path = Pods_Dining_Tracker_Watch_Extension.framework; sourceTree = BUILT_PRODUCTS_DIR; };
		9D42E115406A499E6E192AAA /* Pods_Dining_Tracker.framework */ = {isa = PBXFileReference; explicitFileType = wrapper.framework; includeInIndex = 0; path = Pods_Dining_Tracker.framework; sourceTree = BUILT_PRODUCTS_DIR; };
		C45DDDBE2CD86E5B72351665 /* Pods-Dining Tracker Watch.debug.xcconfig */ = {isa = PBXFileReference; includeInIndex = 1; lastKnownFileType = text.xcconfig; name = "Pods-Dining Tracker Watch.debug.xcconfig"; path = "Pods/Target Support Files/Pods-Dining Tracker Watch/Pods-Dining Tracker Watch.debug.xcconfig"; sourceTree = "<group>"; };
		D625FA387B95B93ACA463FAE /* Pods_Dining_Tracker_Watch.framework */ = {isa = PBXFileReference; explicitFileType = wrapper.framework; includeInIndex = 0; path = Pods_Dining_Tracker_Watch.framework; sourceTree = BUILT_PRODUCTS_DIR; };
		D690A2E27C176C0FCEE98D97 /* Pods-Dining Tracker.debug.xcconfig */ = {isa = PBXFileReference; includeInIndex = 1; lastKnownFileType = text.xcconfig; name = "Pods-Dining Tracker.debug.xcconfig"; path = "Pods/Target Support Files/Pods-Dining Tracker/Pods-Dining Tracker.debug.xcconfig"; sourceTree = "<group>"; };
		FA6883DE1F733C2E000A26F6 /* PriceGroup.h */ = {isa = PBXFileReference; lastKnownFileType = sourcecode.c.h; path = PriceGroup.h; sourceTree = "<group>"; };
		FA6883DF1F733C2E000A26F6 /* PriceGroup.m */ = {isa = PBXFileReference; lastKnownFileType = sourcecode.c.objc; path = PriceGroup.m; sourceTree = "<group>"; };
		FAA4C2A81F7D746100BCCB7F /* CalendarViewController.h */ = {isa = PBXFileReference; lastKnownFileType = sourcecode.c.h; path = CalendarViewController.h; sourceTree = "<group>"; };
		FAA4C2A91F7D746100BCCB7F /* CalendarViewController.m */ = {isa = PBXFileReference; lastKnownFileType = sourcecode.c.objc; path = CalendarViewController.m; sourceTree = "<group>"; };
		FABA4D501F7EC9780086D830 /* AboutViewController.h */ = {isa = PBXFileReference; lastKnownFileType = sourcecode.c.h; path = AboutViewController.h; sourceTree = "<group>"; };
		FABA4D511F7EC9780086D830 /* AboutViewController.m */ = {isa = PBXFileReference; lastKnownFileType = sourcecode.c.objc; path = AboutViewController.m; sourceTree = "<group>"; };
		FAC48B031F7178FD003462EB /* Dining Tracker Watch.app */ = {isa = PBXFileReference; explicitFileType = wrapper.application; includeInIndex = 0; path = "Dining Tracker Watch.app"; sourceTree = BUILT_PRODUCTS_DIR; };
		FAC48B061F7178FD003462EB /* Base */ = {isa = PBXFileReference; lastKnownFileType = file.storyboard; name = Base; path = Base.lproj/Interface.storyboard; sourceTree = "<group>"; };
		FAC48B081F7178FD003462EB /* Assets.xcassets */ = {isa = PBXFileReference; lastKnownFileType = folder.assetcatalog; path = Assets.xcassets; sourceTree = "<group>"; };
		FAC48B0A1F7178FD003462EB /* Info.plist */ = {isa = PBXFileReference; lastKnownFileType = text.plist.xml; path = Info.plist; sourceTree = "<group>"; };
		FAC48B0F1F7178FD003462EB /* Dining Tracker Watch Extension.appex */ = {isa = PBXFileReference; explicitFileType = "wrapper.app-extension"; includeInIndex = 0; path = "Dining Tracker Watch Extension.appex"; sourceTree = BUILT_PRODUCTS_DIR; };
		FAC48B141F7178FD003462EB /* InterfaceController.h */ = {isa = PBXFileReference; lastKnownFileType = sourcecode.c.h; path = InterfaceController.h; sourceTree = "<group>"; };
		FAC48B151F7178FD003462EB /* InterfaceController.m */ = {isa = PBXFileReference; lastKnownFileType = sourcecode.c.objc; path = InterfaceController.m; sourceTree = "<group>"; };
		FAC48B171F7178FD003462EB /* ExtensionDelegate.h */ = {isa = PBXFileReference; lastKnownFileType = sourcecode.c.h; path = ExtensionDelegate.h; sourceTree = "<group>"; };
		FAC48B181F7178FD003462EB /* ExtensionDelegate.m */ = {isa = PBXFileReference; lastKnownFileType = sourcecode.c.objc; path = ExtensionDelegate.m; sourceTree = "<group>"; };
		FAC48B1A1F7178FD003462EB /* NotificationController.h */ = {isa = PBXFileReference; lastKnownFileType = sourcecode.c.h; path = NotificationController.h; sourceTree = "<group>"; };
		FAC48B1B1F7178FD003462EB /* NotificationController.m */ = {isa = PBXFileReference; lastKnownFileType = sourcecode.c.objc; path = NotificationController.m; sourceTree = "<group>"; };
		FAC48B1D1F7178FD003462EB /* Assets.xcassets */ = {isa = PBXFileReference; lastKnownFileType = folder.assetcatalog; path = Assets.xcassets; sourceTree = "<group>"; };
		FAC48B1F1F7178FD003462EB /* Info.plist */ = {isa = PBXFileReference; lastKnownFileType = text.plist.xml; path = Info.plist; sourceTree = "<group>"; };
		FAC48B201F7178FD003462EB /* PushNotificationPayload.apns */ = {isa = PBXFileReference; lastKnownFileType = text; path = PushNotificationPayload.apns; sourceTree = "<group>"; };
		FAC48B2D1F717A1E003462EB /* DiningTracker.h */ = {isa = PBXFileReference; lastKnownFileType = sourcecode.c.h; path = DiningTracker.h; sourceTree = "<group>"; };
		FAC48B2E1F717A1E003462EB /* DiningTracker.m */ = {isa = PBXFileReference; lastKnownFileType = sourcecode.c.objc; path = DiningTracker.m; sourceTree = "<group>"; };
		FAD028B81F68400600CA0122 /* Dining Tracker.app */ = {isa = PBXFileReference; explicitFileType = wrapper.application; includeInIndex = 0; path = "Dining Tracker.app"; sourceTree = BUILT_PRODUCTS_DIR; };
		FAD028BC1F68400600CA0122 /* main.m */ = {isa = PBXFileReference; lastKnownFileType = sourcecode.c.objc; path = main.m; sourceTree = "<group>"; };
		FAD028BE1F68400600CA0122 /* AppDelegate.h */ = {isa = PBXFileReference; lastKnownFileType = sourcecode.c.h; path = AppDelegate.h; sourceTree = "<group>"; };
		FAD028BF1F68400600CA0122 /* AppDelegate.m */ = {isa = PBXFileReference; lastKnownFileType = sourcecode.c.objc; path = AppDelegate.m; sourceTree = "<group>"; };
		FAD028C11F68400600CA0122 /* ViewController.h */ = {isa = PBXFileReference; lastKnownFileType = sourcecode.c.h; path = ViewController.h; sourceTree = "<group>"; };
		FAD028C21F68400600CA0122 /* ViewController.m */ = {isa = PBXFileReference; lastKnownFileType = sourcecode.c.objc; path = ViewController.m; sourceTree = "<group>"; };
		FAD028C51F68400600CA0122 /* Base */ = {isa = PBXFileReference; lastKnownFileType = file.storyboard; name = Base; path = Base.lproj/Main.storyboard; sourceTree = "<group>"; };
		FAD028C81F68400600CA0122 /* Dining_Tracker.xcdatamodel */ = {isa = PBXFileReference; lastKnownFileType = wrapper.xcdatamodel; path = Dining_Tracker.xcdatamodel; sourceTree = "<group>"; };
		FAD028CA1F68400600CA0122 /* Assets.xcassets */ = {isa = PBXFileReference; lastKnownFileType = folder.assetcatalog; path = Assets.xcassets; sourceTree = "<group>"; };
		FAD028CD1F68400600CA0122 /* Base */ = {isa = PBXFileReference; lastKnownFileType = file.storyboard; name = Base; path = Base.lproj/LaunchScreen.storyboard; sourceTree = "<group>"; };
		FAD028CF1F68400600CA0122 /* Info.plist */ = {isa = PBXFileReference; lastKnownFileType = text.plist.xml; path = Info.plist; sourceTree = "<group>"; };
		FAD028D41F68400600CA0122 /* Dining TrackerTests.xctest */ = {isa = PBXFileReference; explicitFileType = wrapper.cfbundle; includeInIndex = 0; path = "Dining TrackerTests.xctest"; sourceTree = BUILT_PRODUCTS_DIR; };
		FAD028D81F68400600CA0122 /* Dining_TrackerTests.m */ = {isa = PBXFileReference; lastKnownFileType = sourcecode.c.objc; path = Dining_TrackerTests.m; sourceTree = "<group>"; };
		FAD028DA1F68400600CA0122 /* Info.plist */ = {isa = PBXFileReference; lastKnownFileType = text.plist.xml; path = Info.plist; sourceTree = "<group>"; };
		FAD028DF1F68400600CA0122 /* Dining TrackerUITests.xctest */ = {isa = PBXFileReference; explicitFileType = wrapper.cfbundle; includeInIndex = 0; path = "Dining TrackerUITests.xctest"; sourceTree = BUILT_PRODUCTS_DIR; };
		FAD028E31F68400600CA0122 /* Dining_TrackerUITests.m */ = {isa = PBXFileReference; lastKnownFileType = sourcecode.c.objc; path = Dining_TrackerUITests.m; sourceTree = "<group>"; };
		FAD028E51F68400600CA0122 /* Info.plist */ = {isa = PBXFileReference; lastKnownFileType = text.plist.xml; path = Info.plist; sourceTree = "<group>"; };
/* End PBXFileReference section */

/* Begin PBXFrameworksBuildPhase section */
		572E0239965BED3C141C179B /* Frameworks */ = {
			isa = PBXFrameworksBuildPhase;
			buildActionMask = 2147483647;
			files = (
				FD5A3931F1425B3A601F9281 /* Pods_Dining_Tracker_Watch.framework in Frameworks */,
			);
			runOnlyForDeploymentPostprocessing = 0;
		};
		FAC48B0C1F7178FD003462EB /* Frameworks */ = {
			isa = PBXFrameworksBuildPhase;
			buildActionMask = 2147483647;
			files = (
			);
			runOnlyForDeploymentPostprocessing = 0;
		};
		FAD028B51F68400600CA0122 /* Frameworks */ = {
			isa = PBXFrameworksBuildPhase;
			buildActionMask = 2147483647;
			files = (
				D2C503D85C8CB57131C79AD1 /* Pods_Dining_Tracker.framework in Frameworks */,
			);
			runOnlyForDeploymentPostprocessing = 0;
		};
		FAD028D11F68400600CA0122 /* Frameworks */ = {
			isa = PBXFrameworksBuildPhase;
			buildActionMask = 2147483647;
			files = (
			);
			runOnlyForDeploymentPostprocessing = 0;
		};
		FAD028DC1F68400600CA0122 /* Frameworks */ = {
			isa = PBXFrameworksBuildPhase;
			buildActionMask = 2147483647;
			files = (
			);
			runOnlyForDeploymentPostprocessing = 0;
		};
/* End PBXFrameworksBuildPhase section */

/* Begin PBXGroup section */
		94F9D4514086C5AEFEA3F4AE /* Frameworks */ = {
			isa = PBXGroup;
			children = (
				9D42E115406A499E6E192AAA /* Pods_Dining_Tracker.framework */,
				D625FA387B95B93ACA463FAE /* Pods_Dining_Tracker_Watch.framework */,
				919A1842642FC4920E60296A /* Pods_Dining_Tracker_Watch_Extension.framework */,
			);
			name = Frameworks;
			sourceTree = "<group>";
		};
		ECD3B50FC85F07EC6DFA557D /* Pods */ = {
			isa = PBXGroup;
			children = (
				D690A2E27C176C0FCEE98D97 /* Pods-Dining Tracker.debug.xcconfig */,
				19D53CFF7DDA32F2EDA0A06C /* Pods-Dining Tracker.release.xcconfig */,
				C45DDDBE2CD86E5B72351665 /* Pods-Dining Tracker Watch.debug.xcconfig */,
				1D555E268C856A9D035B1BCB /* Pods-Dining Tracker Watch.release.xcconfig */,
			);
			name = Pods;
			sourceTree = "<group>";
		};
		FAC48B041F7178FD003462EB /* Dining Tracker Watch */ = {
			isa = PBXGroup;
			children = (
				FAC48B051F7178FD003462EB /* Interface.storyboard */,
				FAC48B081F7178FD003462EB /* Assets.xcassets */,
				FAC48B0A1F7178FD003462EB /* Info.plist */,
			);
			path = "Dining Tracker Watch";
			sourceTree = "<group>";
		};
		FAC48B131F7178FD003462EB /* Dining Tracker Watch Extension */ = {
			isa = PBXGroup;
			children = (
				FAC48B141F7178FD003462EB /* InterfaceController.h */,
				FAC48B151F7178FD003462EB /* InterfaceController.m */,
				FAC48B171F7178FD003462EB /* ExtensionDelegate.h */,
				FAC48B181F7178FD003462EB /* ExtensionDelegate.m */,
				FAC48B1A1F7178FD003462EB /* NotificationController.h */,
				FAC48B1B1F7178FD003462EB /* NotificationController.m */,
				FAC48B1D1F7178FD003462EB /* Assets.xcassets */,
				FAC48B1F1F7178FD003462EB /* Info.plist */,
				FAC48B201F7178FD003462EB /* PushNotificationPayload.apns */,
				FA6883DE1F733C2E000A26F6 /* PriceGroup.h */,
				FA6883DF1F733C2E000A26F6 /* PriceGroup.m */,
			);
			path = "Dining Tracker Watch Extension";
			sourceTree = "<group>";
		};
		FAC48B2C1F7179F1003462EB /* Dining Tracker Shared */ = {
			isa = PBXGroup;
			children = (
				FAC48B2D1F717A1E003462EB /* DiningTracker.h */,
				FAC48B2E1F717A1E003462EB /* DiningTracker.m */,
			);
			path = "Dining Tracker Shared";
			sourceTree = "<group>";
		};
		FAD028AF1F68400600CA0122 = {
			isa = PBXGroup;
			children = (
				FAC48B2C1F7179F1003462EB /* Dining Tracker Shared */,
				FAD028BA1F68400600CA0122 /* Dining Tracker */,
				FAD028D71F68400600CA0122 /* Dining TrackerTests */,
				FAD028E21F68400600CA0122 /* Dining TrackerUITests */,
				FAC48B041F7178FD003462EB /* Dining Tracker Watch */,
				FAC48B131F7178FD003462EB /* Dining Tracker Watch Extension */,
				FAD028B91F68400600CA0122 /* Products */,
				ECD3B50FC85F07EC6DFA557D /* Pods */,
				94F9D4514086C5AEFEA3F4AE /* Frameworks */,
			);
			sourceTree = "<group>";
		};
		FAD028B91F68400600CA0122 /* Products */ = {
			isa = PBXGroup;
			children = (
				FAD028B81F68400600CA0122 /* Dining Tracker.app */,
				FAD028D41F68400600CA0122 /* Dining TrackerTests.xctest */,
				FAD028DF1F68400600CA0122 /* Dining TrackerUITests.xctest */,
				FAC48B031F7178FD003462EB /* Dining Tracker Watch.app */,
				FAC48B0F1F7178FD003462EB /* Dining Tracker Watch Extension.appex */,
			);
			name = Products;
			sourceTree = "<group>";
		};
		FAD028BA1F68400600CA0122 /* Dining Tracker */ = {
			isa = PBXGroup;
			children = (
				FAD028BE1F68400600CA0122 /* AppDelegate.h */,
				FAD028BF1F68400600CA0122 /* AppDelegate.m */,
				FAD028C11F68400600CA0122 /* ViewController.h */,
				FAD028C21F68400600CA0122 /* ViewController.m */,
				FAA4C2A81F7D746100BCCB7F /* CalendarViewController.h */,
				FAA4C2A91F7D746100BCCB7F /* CalendarViewController.m */,
				FABA4D501F7EC9780086D830 /* AboutViewController.h */,
				FABA4D511F7EC9780086D830 /* AboutViewController.m */,
				FAD028C41F68400600CA0122 /* Main.storyboard */,
				FAD028CA1F68400600CA0122 /* Assets.xcassets */,
				FAD028CC1F68400600CA0122 /* LaunchScreen.storyboard */,
				FAD028CF1F68400600CA0122 /* Info.plist */,
				FAD028C71F68400600CA0122 /* Dining_Tracker.xcdatamodeld */,
				FAD028BB1F68400600CA0122 /* Supporting Files */,
			);
			path = "Dining Tracker";
			sourceTree = "<group>";
		};
		FAD028BB1F68400600CA0122 /* Supporting Files */ = {
			isa = PBXGroup;
			children = (
				FAD028BC1F68400600CA0122 /* main.m */,
			);
			name = "Supporting Files";
			sourceTree = "<group>";
		};
		FAD028D71F68400600CA0122 /* Dining TrackerTests */ = {
			isa = PBXGroup;
			children = (
				FAD028D81F68400600CA0122 /* Dining_TrackerTests.m */,
				FAD028DA1F68400600CA0122 /* Info.plist */,
			);
			path = "Dining TrackerTests";
			sourceTree = "<group>";
		};
		FAD028E21F68400600CA0122 /* Dining TrackerUITests */ = {
			isa = PBXGroup;
			children = (
				FAD028E31F68400600CA0122 /* Dining_TrackerUITests.m */,
				FAD028E51F68400600CA0122 /* Info.plist */,
			);
			path = "Dining TrackerUITests";
			sourceTree = "<group>";
		};
/* End PBXGroup section */

/* Begin PBXNativeTarget section */
		FAC48B021F7178FD003462EB /* Dining Tracker Watch */ = {
			isa = PBXNativeTarget;
			buildConfigurationList = FAC48B281F7178FD003462EB /* Build configuration list for PBXNativeTarget "Dining Tracker Watch" */;
			buildPhases = (
				2554EFCA323DEE8C930B2C42 /* [CP] Check Pods Manifest.lock */,
				FAC48B011F7178FD003462EB /* Resources */,
				FAC48B271F7178FD003462EB /* Embed App Extensions */,
				572E0239965BED3C141C179B /* Frameworks */,
				F87B2B637EDF11658295E499 /* [CP] Copy Pods Resources */,
			);
			buildRules = (
			);
			dependencies = (
				FAC48B121F7178FD003462EB /* PBXTargetDependency */,
			);
			name = "Dining Tracker Watch";
			productName = "Dining Tracker Watch";
			productReference = FAC48B031F7178FD003462EB /* Dining Tracker Watch.app */;
			productType = "com.apple.product-type.application.watchapp2";
		};
		FAC48B0E1F7178FD003462EB /* Dining Tracker Watch Extension */ = {
			isa = PBXNativeTarget;
			buildConfigurationList = FAC48B241F7178FD003462EB /* Build configuration list for PBXNativeTarget "Dining Tracker Watch Extension" */;
			buildPhases = (
				FAC48B0B1F7178FD003462EB /* Sources */,
				FAC48B0C1F7178FD003462EB /* Frameworks */,
				FAC48B0D1F7178FD003462EB /* Resources */,
			);
			buildRules = (
			);
			dependencies = (
			);
			name = "Dining Tracker Watch Extension";
			productName = "Dining Tracker Watch Extension";
			productReference = FAC48B0F1F7178FD003462EB /* Dining Tracker Watch Extension.appex */;
			productType = "com.apple.product-type.watchkit2-extension";
		};
		FAD028B71F68400600CA0122 /* Dining Tracker */ = {
			isa = PBXNativeTarget;
			buildConfigurationList = FAD028E81F68400600CA0122 /* Build configuration list for PBXNativeTarget "Dining Tracker" */;
			buildPhases = (
				82942B1CAE3B33CF2D3F7F79 /* [CP] Check Pods Manifest.lock */,
				FAD028B41F68400600CA0122 /* Sources */,
				FAD028B51F68400600CA0122 /* Frameworks */,
				FAD028B61F68400600CA0122 /* Resources */,
				FA12E40E1F6B27D900B54A21 /* ShellScript */,
				FAC48B2B1F7178FD003462EB /* Embed Watch Content */,
				7CE3420C5358FF773DACE411 /* [CP] Embed Pods Frameworks */,
				26860C1D6867E3D5ABF5A07F /* [CP] Copy Pods Resources */,
			);
			buildRules = (
			);
			dependencies = (
			);
			name = "Dining Tracker";
			productName = "Dining Tracker";
			productReference = FAD028B81F68400600CA0122 /* Dining Tracker.app */;
			productType = "com.apple.product-type.application";
		};
		FAD028D31F68400600CA0122 /* Dining TrackerTests */ = {
			isa = PBXNativeTarget;
			buildConfigurationList = FAD028EB1F68400600CA0122 /* Build configuration list for PBXNativeTarget "Dining TrackerTests" */;
			buildPhases = (
				FAD028D01F68400600CA0122 /* Sources */,
				FAD028D11F68400600CA0122 /* Frameworks */,
				FAD028D21F68400600CA0122 /* Resources */,
			);
			buildRules = (
			);
			dependencies = (
				FAD028D61F68400600CA0122 /* PBXTargetDependency */,
			);
			name = "Dining TrackerTests";
			productName = "Dining TrackerTests";
			productReference = FAD028D41F68400600CA0122 /* Dining TrackerTests.xctest */;
			productType = "com.apple.product-type.bundle.unit-test";
		};
		FAD028DE1F68400600CA0122 /* Dining TrackerUITests */ = {
			isa = PBXNativeTarget;
			buildConfigurationList = FAD028EE1F68400600CA0122 /* Build configuration list for PBXNativeTarget "Dining TrackerUITests" */;
			buildPhases = (
				FAD028DB1F68400600CA0122 /* Sources */,
				FAD028DC1F68400600CA0122 /* Frameworks */,
				FAD028DD1F68400600CA0122 /* Resources */,
			);
			buildRules = (
			);
			dependencies = (
				FAD028E11F68400600CA0122 /* PBXTargetDependency */,
			);
			name = "Dining TrackerUITests";
			productName = "Dining TrackerUITests";
			productReference = FAD028DF1F68400600CA0122 /* Dining TrackerUITests.xctest */;
			productType = "com.apple.product-type.bundle.ui-testing";
		};
/* End PBXNativeTarget section */

/* Begin PBXProject section */
		FAD028B01F68400600CA0122 /* Project object */ = {
			isa = PBXProject;
			attributes = {
				LastUpgradeCheck = 0900;
				ORGANIZATIONNAME = "Alex Taffe";
				TargetAttributes = {
					FAC48B021F7178FD003462EB = {
						CreatedOnToolsVersion = 9.0;
						ProvisioningStyle = Automatic;
					};
					FAC48B0E1F7178FD003462EB = {
						CreatedOnToolsVersion = 9.0;
						ProvisioningStyle = Automatic;
					};
					FAD028B71F68400600CA0122 = {
						CreatedOnToolsVersion = 8.3.3;
						DevelopmentTeam = S4JEZRL8YY;
						ProvisioningStyle = Automatic;
					};
					FAD028D31F68400600CA0122 = {
						CreatedOnToolsVersion = 8.3.3;
						ProvisioningStyle = Automatic;
						TestTargetID = FAD028B71F68400600CA0122;
					};
					FAD028DE1F68400600CA0122 = {
						CreatedOnToolsVersion = 8.3.3;
						ProvisioningStyle = Automatic;
						TestTargetID = FAD028B71F68400600CA0122;
					};
				};
			};
			buildConfigurationList = FAD028B31F68400600CA0122 /* Build configuration list for PBXProject "Dining Tracker" */;
			compatibilityVersion = "Xcode 8.0";
			developmentRegion = English;
			hasScannedForEncodings = 0;
			knownRegions = (
				en,
				Base,
			);
			mainGroup = FAD028AF1F68400600CA0122;
			productRefGroup = FAD028B91F68400600CA0122 /* Products */;
			projectDirPath = "";
			projectRoot = "";
			targets = (
				FAD028B71F68400600CA0122 /* Dining Tracker */,
				FAD028D31F68400600CA0122 /* Dining TrackerTests */,
				FAD028DE1F68400600CA0122 /* Dining TrackerUITests */,
				FAC48B021F7178FD003462EB /* Dining Tracker Watch */,
				FAC48B0E1F7178FD003462EB /* Dining Tracker Watch Extension */,
			);
		};
/* End PBXProject section */

/* Begin PBXResourcesBuildPhase section */
		FAC48B011F7178FD003462EB /* Resources */ = {
			isa = PBXResourcesBuildPhase;
			buildActionMask = 2147483647;
			files = (
				FAC48B091F7178FD003462EB /* Assets.xcassets in Resources */,
				FAC48B071F7178FD003462EB /* Interface.storyboard in Resources */,
			);
			runOnlyForDeploymentPostprocessing = 0;
		};
		FAC48B0D1F7178FD003462EB /* Resources */ = {
			isa = PBXResourcesBuildPhase;
			buildActionMask = 2147483647;
			files = (
				FAC48B1E1F7178FD003462EB /* Assets.xcassets in Resources */,
			);
			runOnlyForDeploymentPostprocessing = 0;
		};
		FAD028B61F68400600CA0122 /* Resources */ = {
			isa = PBXResourcesBuildPhase;
			buildActionMask = 2147483647;
			files = (
				FAD028CE1F68400600CA0122 /* LaunchScreen.storyboard in Resources */,
				FAD028CB1F68400600CA0122 /* Assets.xcassets in Resources */,
				FAD028C61F68400600CA0122 /* Main.storyboard in Resources */,
			);
			runOnlyForDeploymentPostprocessing = 0;
		};
		FAD028D21F68400600CA0122 /* Resources */ = {
			isa = PBXResourcesBuildPhase;
			buildActionMask = 2147483647;
			files = (
			);
			runOnlyForDeploymentPostprocessing = 0;
		};
		FAD028DD1F68400600CA0122 /* Resources */ = {
			isa = PBXResourcesBuildPhase;
			buildActionMask = 2147483647;
			files = (
			);
			runOnlyForDeploymentPostprocessing = 0;
		};
/* End PBXResourcesBuildPhase section */

/* Begin PBXShellScriptBuildPhase section */
		2554EFCA323DEE8C930B2C42 /* [CP] Check Pods Manifest.lock */ = {
			isa = PBXShellScriptBuildPhase;
			buildActionMask = 2147483647;
			files = (
			);
			inputPaths = (
				"${PODS_PODFILE_DIR_PATH}/Podfile.lock",
				"${PODS_ROOT}/Manifest.lock",
			);
			name = "[CP] Check Pods Manifest.lock";
			outputPaths = (
				"$(DERIVED_FILE_DIR)/Pods-Dining Tracker Watch-checkManifestLockResult.txt",
			);
			runOnlyForDeploymentPostprocessing = 0;
			shellPath = /bin/sh;
			shellScript = "diff \"${PODS_PODFILE_DIR_PATH}/Podfile.lock\" \"${PODS_ROOT}/Manifest.lock\" > /dev/null\nif [ $? != 0 ] ; then\n    # print error to STDERR\n    echo \"error: The sandbox is not in sync with the Podfile.lock. Run 'pod install' or update your CocoaPods installation.\" >&2\n    exit 1\nfi\n";
			showEnvVarsInLog = 0;
		};
		26860C1D6867E3D5ABF5A07F /* [CP] Copy Pods Resources */ = {
			isa = PBXShellScriptBuildPhase;
			buildActionMask = 2147483647;
			files = (
			);
			inputPaths = (
			);
			name = "[CP] Copy Pods Resources";
			outputPaths = (
			);
			runOnlyForDeploymentPostprocessing = 0;
			shellPath = /bin/sh;
			shellScript = "\"${SRCROOT}/Pods/Target Support Files/Pods-Dining Tracker/Pods-Dining Tracker-resources.sh\"\n";
			showEnvVarsInLog = 0;
		};
		7CE3420C5358FF773DACE411 /* [CP] Embed Pods Frameworks */ = {
			isa = PBXShellScriptBuildPhase;
			buildActionMask = 2147483647;
			files = (
			);
			inputPaths = (
				"${SRCROOT}/Pods/Target Support Files/Pods-Dining Tracker/Pods-Dining Tracker-frameworks.sh",
				"${BUILT_PRODUCTS_DIR}/CZPicker/CZPicker.framework",
				"${BUILT_PRODUCTS_DIR}/CircleProgressBar/CircleProgressBar.framework",
				"${BUILT_PRODUCTS_DIR}/FSCalendar/FSCalendar.framework",
				"${BUILT_PRODUCTS_DIR}/MZAppearance/MZAppearance.framework",
				"${BUILT_PRODUCTS_DIR}/MZFormSheetController/MZFormSheetController.framework",
			);
			name = "[CP] Embed Pods Frameworks";
			outputPaths = (
				"${TARGET_BUILD_DIR}/${FRAMEWORKS_FOLDER_PATH}/CZPicker.framework",
				"${TARGET_BUILD_DIR}/${FRAMEWORKS_FOLDER_PATH}/CircleProgressBar.framework",
				"${TARGET_BUILD_DIR}/${FRAMEWORKS_FOLDER_PATH}/FSCalendar.framework",
				"${TARGET_BUILD_DIR}/${FRAMEWORKS_FOLDER_PATH}/MZAppearance.framework",
				"${TARGET_BUILD_DIR}/${FRAMEWORKS_FOLDER_PATH}/MZFormSheetController.framework",
			);
			runOnlyForDeploymentPostprocessing = 0;
			shellPath = /bin/sh;
			shellScript = "\"${SRCROOT}/Pods/Target Support Files/Pods-Dining Tracker/Pods-Dining Tracker-frameworks.sh\"\n";
			showEnvVarsInLog = 0;
		};
		82942B1CAE3B33CF2D3F7F79 /* [CP] Check Pods Manifest.lock */ = {
			isa = PBXShellScriptBuildPhase;
			buildActionMask = 2147483647;
			files = (
			);
			inputPaths = (
				"${PODS_PODFILE_DIR_PATH}/Podfile.lock",
				"${PODS_ROOT}/Manifest.lock",
			);
			name = "[CP] Check Pods Manifest.lock";
			outputPaths = (
				"$(DERIVED_FILE_DIR)/Pods-Dining Tracker-checkManifestLockResult.txt",
			);
			runOnlyForDeploymentPostprocessing = 0;
			shellPath = /bin/sh;
			shellScript = "diff \"${PODS_PODFILE_DIR_PATH}/Podfile.lock\" \"${PODS_ROOT}/Manifest.lock\" > /dev/null\nif [ $? != 0 ] ; then\n    # print error to STDERR\n    echo \"error: The sandbox is not in sync with the Podfile.lock. Run 'pod install' or update your CocoaPods installation.\" >&2\n    exit 1\nfi\n";
			showEnvVarsInLog = 0;
		};
		F87B2B637EDF11658295E499 /* [CP] Copy Pods Resources */ = {
			isa = PBXShellScriptBuildPhase;
			buildActionMask = 2147483647;
			files = (
			);
			inputPaths = (
			);
			name = "[CP] Copy Pods Resources";
			outputPaths = (
			);
			runOnlyForDeploymentPostprocessing = 0;
			shellPath = /bin/sh;
			shellScript = "\"${SRCROOT}/Pods/Target Support Files/Pods-Dining Tracker Watch/Pods-Dining Tracker Watch-resources.sh\"\n";
			showEnvVarsInLog = 0;
		};
		FA12E40E1F6B27D900B54A21 /* ShellScript */ = {
			isa = PBXShellScriptBuildPhase;
			buildActionMask = 2147483647;
			files = (
			);
			inputPaths = (
			);
			outputPaths = (
			);
			runOnlyForDeploymentPostprocessing = 0;
			shellPath = /bin/sh;
			shellScript = "\"${PODS_ROOT}/Fabric/run\" 09764c9c947a0afd71b1d427183f41486221c2a2 a78d4f8861d10735422add3b5538b00e7dda087cede77ffa2a6b0f4c58abd55d\n";
		};
/* End PBXShellScriptBuildPhase section */

/* Begin PBXSourcesBuildPhase section */
		FAC48B0B1F7178FD003462EB /* Sources */ = {
			isa = PBXSourcesBuildPhase;
			buildActionMask = 2147483647;
			files = (
				FAC48B191F7178FD003462EB /* ExtensionDelegate.m in Sources */,
				FAC48B161F7178FD003462EB /* InterfaceController.m in Sources */,
				FA7AD4561F740B8900CFD93A /* DiningTracker.m in Sources */,
				FAC48B1C1F7178FD003462EB /* NotificationController.m in Sources */,
				FA6883E01F733C2E000A26F6 /* PriceGroup.m in Sources */,
			);
			runOnlyForDeploymentPostprocessing = 0;
		};
		FAD028B41F68400600CA0122 /* Sources */ = {
			isa = PBXSourcesBuildPhase;
			buildActionMask = 2147483647;
			files = (
				FAD028C31F68400600CA0122 /* ViewController.m in Sources */,
				FAD028C01F68400600CA0122 /* AppDelegate.m in Sources */,
				FAC48B2F1F717A1E003462EB /* DiningTracker.m in Sources */,
				FABA4D521F7EC9780086D830 /* AboutViewController.m in Sources */,
				FAD028BD1F68400600CA0122 /* main.m in Sources */,
				FAA4C2AA1F7D746100BCCB7F /* CalendarViewController.m in Sources */,
				FAD028C91F68400600CA0122 /* Dining_Tracker.xcdatamodeld in Sources */,
			);
			runOnlyForDeploymentPostprocessing = 0;
		};
		FAD028D01F68400600CA0122 /* Sources */ = {
			isa = PBXSourcesBuildPhase;
			buildActionMask = 2147483647;
			files = (
				FAD028D91F68400600CA0122 /* Dining_TrackerTests.m in Sources */,
			);
			runOnlyForDeploymentPostprocessing = 0;
		};
		FAD028DB1F68400600CA0122 /* Sources */ = {
			isa = PBXSourcesBuildPhase;
			buildActionMask = 2147483647;
			files = (
				FAD028E41F68400600CA0122 /* Dining_TrackerUITests.m in Sources */,
			);
			runOnlyForDeploymentPostprocessing = 0;
		};
/* End PBXSourcesBuildPhase section */

/* Begin PBXTargetDependency section */
		FAC48B121F7178FD003462EB /* PBXTargetDependency */ = {
			isa = PBXTargetDependency;
			target = FAC48B0E1F7178FD003462EB /* Dining Tracker Watch Extension */;
			targetProxy = FAC48B111F7178FD003462EB /* PBXContainerItemProxy */;
		};
		FAD028D61F68400600CA0122 /* PBXTargetDependency */ = {
			isa = PBXTargetDependency;
			target = FAD028B71F68400600CA0122 /* Dining Tracker */;
			targetProxy = FAD028D51F68400600CA0122 /* PBXContainerItemProxy */;
		};
		FAD028E11F68400600CA0122 /* PBXTargetDependency */ = {
			isa = PBXTargetDependency;
			target = FAD028B71F68400600CA0122 /* Dining Tracker */;
			targetProxy = FAD028E01F68400600CA0122 /* PBXContainerItemProxy */;
		};
/* End PBXTargetDependency section */

/* Begin PBXVariantGroup section */
		FAC48B051F7178FD003462EB /* Interface.storyboard */ = {
			isa = PBXVariantGroup;
			children = (
				FAC48B061F7178FD003462EB /* Base */,
			);
			name = Interface.storyboard;
			sourceTree = "<group>";
		};
		FAD028C41F68400600CA0122 /* Main.storyboard */ = {
			isa = PBXVariantGroup;
			children = (
				FAD028C51F68400600CA0122 /* Base */,
			);
			name = Main.storyboard;
			sourceTree = "<group>";
		};
		FAD028CC1F68400600CA0122 /* LaunchScreen.storyboard */ = {
			isa = PBXVariantGroup;
			children = (
				FAD028CD1F68400600CA0122 /* Base */,
			);
			name = LaunchScreen.storyboard;
			sourceTree = "<group>";
		};
/* End PBXVariantGroup section */

/* Begin XCBuildConfiguration section */
		FAC48B251F7178FD003462EB /* Debug */ = {
			isa = XCBuildConfiguration;
			buildSettings = {
				ASSETCATALOG_COMPILER_COMPLICATION_NAME = Complication;
				CLANG_CXX_LANGUAGE_STANDARD = "gnu++14";
				CLANG_WARN_UNGUARDED_AVAILABILITY = YES_AGGRESSIVE;
				CODE_SIGN_STYLE = Automatic;
				DEVELOPMENT_TEAM = S4JEZRL8YY;
				GCC_C_LANGUAGE_STANDARD = gnu11;
				INFOPLIST_FILE = "Dining Tracker Watch Extension/Info.plist";
				LD_RUNPATH_SEARCH_PATHS = "$(inherited) @executable_path/Frameworks @executable_path/../../Frameworks";
				PRODUCT_BUNDLE_IDENTIFIER = "alextaffe.Dining-Tracker.watchkitapp.watchkitextension";
				PRODUCT_NAME = "${TARGET_NAME}";
				SDKROOT = watchos;
				SKIP_INSTALL = YES;
				TARGETED_DEVICE_FAMILY = 4;
				WATCHOS_DEPLOYMENT_TARGET = 4.0;
			};
			name = Debug;
		};
		FAC48B261F7178FD003462EB /* Release */ = {
			isa = XCBuildConfiguration;
			buildSettings = {
				ASSETCATALOG_COMPILER_COMPLICATION_NAME = Complication;
				CLANG_CXX_LANGUAGE_STANDARD = "gnu++14";
				CLANG_WARN_UNGUARDED_AVAILABILITY = YES_AGGRESSIVE;
				CODE_SIGN_STYLE = Automatic;
				DEVELOPMENT_TEAM = S4JEZRL8YY;
				GCC_C_LANGUAGE_STANDARD = gnu11;
				INFOPLIST_FILE = "Dining Tracker Watch Extension/Info.plist";
				LD_RUNPATH_SEARCH_PATHS = "$(inherited) @executable_path/Frameworks @executable_path/../../Frameworks";
				PRODUCT_BUNDLE_IDENTIFIER = "alextaffe.Dining-Tracker.watchkitapp.watchkitextension";
				PRODUCT_NAME = "${TARGET_NAME}";
				SDKROOT = watchos;
				SKIP_INSTALL = YES;
				TARGETED_DEVICE_FAMILY = 4;
				WATCHOS_DEPLOYMENT_TARGET = 4.0;
			};
			name = Release;
		};
		FAC48B291F7178FD003462EB /* Debug */ = {
			isa = XCBuildConfiguration;
			baseConfigurationReference = C45DDDBE2CD86E5B72351665 /* Pods-Dining Tracker Watch.debug.xcconfig */;
			buildSettings = {
				ASSETCATALOG_COMPILER_APPICON_NAME = AppIcon;
				CLANG_CXX_LANGUAGE_STANDARD = "gnu++14";
				CLANG_WARN_UNGUARDED_AVAILABILITY = YES_AGGRESSIVE;
				CODE_SIGN_STYLE = Automatic;
				DEVELOPMENT_TEAM = S4JEZRL8YY;
				GCC_C_LANGUAGE_STANDARD = gnu11;
				IBSC_MODULE = Dining_Tracker_Watch_Extension;
				INFOPLIST_FILE = "Dining Tracker Watch/Info.plist";
				PRODUCT_BUNDLE_IDENTIFIER = "alextaffe.Dining-Tracker.watchkitapp";
				PRODUCT_NAME = "$(TARGET_NAME)";
				SDKROOT = watchos;
				SKIP_INSTALL = YES;
				TARGETED_DEVICE_FAMILY = 4;
				WATCHOS_DEPLOYMENT_TARGET = 4.0;
			};
			name = Debug;
		};
		FAC48B2A1F7178FD003462EB /* Release */ = {
			isa = XCBuildConfiguration;
			baseConfigurationReference = 1D555E268C856A9D035B1BCB /* Pods-Dining Tracker Watch.release.xcconfig */;
			buildSettings = {
				ASSETCATALOG_COMPILER_APPICON_NAME = AppIcon;
				CLANG_CXX_LANGUAGE_STANDARD = "gnu++14";
				CLANG_WARN_UNGUARDED_AVAILABILITY = YES_AGGRESSIVE;
				CODE_SIGN_STYLE = Automatic;
				DEVELOPMENT_TEAM = S4JEZRL8YY;
				GCC_C_LANGUAGE_STANDARD = gnu11;
				IBSC_MODULE = Dining_Tracker_Watch_Extension;
				INFOPLIST_FILE = "Dining Tracker Watch/Info.plist";
				PRODUCT_BUNDLE_IDENTIFIER = "alextaffe.Dining-Tracker.watchkitapp";
				PRODUCT_NAME = "$(TARGET_NAME)";
				SDKROOT = watchos;
				SKIP_INSTALL = YES;
				TARGETED_DEVICE_FAMILY = 4;
				WATCHOS_DEPLOYMENT_TARGET = 4.0;
			};
			name = Release;
		};
		FAD028E61F68400600CA0122 /* Debug */ = {
			isa = XCBuildConfiguration;
			buildSettings = {
				ALWAYS_SEARCH_USER_PATHS = NO;
				CLANG_ANALYZER_NONNULL = YES;
				CLANG_ANALYZER_NUMBER_OBJECT_CONVERSION = YES_AGGRESSIVE;
				CLANG_CXX_LANGUAGE_STANDARD = "gnu++0x";
				CLANG_CXX_LIBRARY = "libc++";
				CLANG_ENABLE_MODULES = YES;
				CLANG_ENABLE_OBJC_ARC = YES;
				CLANG_WARN_BLOCK_CAPTURE_AUTORELEASING = YES;
				CLANG_WARN_BOOL_CONVERSION = YES;
				CLANG_WARN_COMMA = YES;
				CLANG_WARN_CONSTANT_CONVERSION = YES;
				CLANG_WARN_DIRECT_OBJC_ISA_USAGE = YES_ERROR;
				CLANG_WARN_DOCUMENTATION_COMMENTS = YES;
				CLANG_WARN_EMPTY_BODY = YES;
				CLANG_WARN_ENUM_CONVERSION = YES;
				CLANG_WARN_INFINITE_RECURSION = YES;
				CLANG_WARN_INT_CONVERSION = YES;
				CLANG_WARN_NON_LITERAL_NULL_CONVERSION = YES;
				CLANG_WARN_OBJC_LITERAL_CONVERSION = YES;
				CLANG_WARN_OBJC_ROOT_CLASS = YES_ERROR;
				CLANG_WARN_RANGE_LOOP_ANALYSIS = YES;
				CLANG_WARN_STRICT_PROTOTYPES = YES;
				CLANG_WARN_SUSPICIOUS_MOVE = YES;
				CLANG_WARN_UNREACHABLE_CODE = YES;
				CLANG_WARN__DUPLICATE_METHOD_MATCH = YES;
				"CODE_SIGN_IDENTITY[sdk=iphoneos*]" = "iPhone Developer";
				COPY_PHASE_STRIP = NO;
				DEBUG_INFORMATION_FORMAT = dwarf;
				ENABLE_STRICT_OBJC_MSGSEND = YES;
				ENABLE_TESTABILITY = YES;
				GCC_C_LANGUAGE_STANDARD = gnu99;
				GCC_DYNAMIC_NO_PIC = NO;
				GCC_NO_COMMON_BLOCKS = YES;
				GCC_OPTIMIZATION_LEVEL = 0;
				GCC_PREPROCESSOR_DEFINITIONS = (
					"DEBUG=1",
					"$(inherited)",
				);
				GCC_WARN_64_TO_32_BIT_CONVERSION = YES;
				GCC_WARN_ABOUT_RETURN_TYPE = YES_ERROR;
				GCC_WARN_UNDECLARED_SELECTOR = YES;
				GCC_WARN_UNINITIALIZED_AUTOS = YES_AGGRESSIVE;
				GCC_WARN_UNUSED_FUNCTION = YES;
				GCC_WARN_UNUSED_VARIABLE = YES;
				IPHONEOS_DEPLOYMENT_TARGET = 10.3;
				MTL_ENABLE_DEBUG_INFO = YES;
				ONLY_ACTIVE_ARCH = YES;
				SDKROOT = iphoneos;
				TARGETED_DEVICE_FAMILY = "1,2";
			};
			name = Debug;
		};
		FAD028E71F68400600CA0122 /* Release */ = {
			isa = XCBuildConfiguration;
			buildSettings = {
				ALWAYS_SEARCH_USER_PATHS = NO;
				CLANG_ANALYZER_NONNULL = YES;
				CLANG_ANALYZER_NUMBER_OBJECT_CONVERSION = YES_AGGRESSIVE;
				CLANG_CXX_LANGUAGE_STANDARD = "gnu++0x";
				CLANG_CXX_LIBRARY = "libc++";
				CLANG_ENABLE_MODULES = YES;
				CLANG_ENABLE_OBJC_ARC = YES;
				CLANG_WARN_BLOCK_CAPTURE_AUTORELEASING = YES;
				CLANG_WARN_BOOL_CONVERSION = YES;
				CLANG_WARN_COMMA = YES;
				CLANG_WARN_CONSTANT_CONVERSION = YES;
				CLANG_WARN_DIRECT_OBJC_ISA_USAGE = YES_ERROR;
				CLANG_WARN_DOCUMENTATION_COMMENTS = YES;
				CLANG_WARN_EMPTY_BODY = YES;
				CLANG_WARN_ENUM_CONVERSION = YES;
				CLANG_WARN_INFINITE_RECURSION = YES;
				CLANG_WARN_INT_CONVERSION = YES;
				CLANG_WARN_NON_LITERAL_NULL_CONVERSION = YES;
				CLANG_WARN_OBJC_LITERAL_CONVERSION = YES;
				CLANG_WARN_OBJC_ROOT_CLASS = YES_ERROR;
				CLANG_WARN_RANGE_LOOP_ANALYSIS = YES;
				CLANG_WARN_STRICT_PROTOTYPES = YES;
				CLANG_WARN_SUSPICIOUS_MOVE = YES;
				CLANG_WARN_UNREACHABLE_CODE = YES;
				CLANG_WARN__DUPLICATE_METHOD_MATCH = YES;
				"CODE_SIGN_IDENTITY[sdk=iphoneos*]" = "iPhone Developer";
				COPY_PHASE_STRIP = NO;
				DEBUG_INFORMATION_FORMAT = "dwarf-with-dsym";
				ENABLE_NS_ASSERTIONS = NO;
				ENABLE_STRICT_OBJC_MSGSEND = YES;
				GCC_C_LANGUAGE_STANDARD = gnu99;
				GCC_NO_COMMON_BLOCKS = YES;
				GCC_WARN_64_TO_32_BIT_CONVERSION = YES;
				GCC_WARN_ABOUT_RETURN_TYPE = YES_ERROR;
				GCC_WARN_UNDECLARED_SELECTOR = YES;
				GCC_WARN_UNINITIALIZED_AUTOS = YES_AGGRESSIVE;
				GCC_WARN_UNUSED_FUNCTION = YES;
				GCC_WARN_UNUSED_VARIABLE = YES;
				IPHONEOS_DEPLOYMENT_TARGET = 10.3;
				MTL_ENABLE_DEBUG_INFO = NO;
				SDKROOT = iphoneos;
				TARGETED_DEVICE_FAMILY = "1,2";
				VALIDATE_PRODUCT = YES;
			};
			name = Release;
		};
		FAD028E91F68400600CA0122 /* Debug */ = {
			isa = XCBuildConfiguration;
			baseConfigurationReference = D690A2E27C176C0FCEE98D97 /* Pods-Dining Tracker.debug.xcconfig */;
			buildSettings = {
				ASSETCATALOG_COMPILER_APPICON_NAME = AppIcon;
				"CODE_SIGN_IDENTITY[sdk=iphoneos*]" = "iPhone Developer";
				DEVELOPMENT_TEAM = S4JEZRL8YY;
				INFOPLIST_FILE = "Dining Tracker/Info.plist";
				IPHONEOS_DEPLOYMENT_TARGET = 10.0;
				LD_RUNPATH_SEARCH_PATHS = "$(inherited) @executable_path/Frameworks";
				PRODUCT_BUNDLE_IDENTIFIER = "alextaffe.Dining-Tracker";
				PRODUCT_NAME = "$(TARGET_NAME)";
				TARGETED_DEVICE_FAMILY = "1,2";
			};
			name = Debug;
		};
		FAD028EA1F68400600CA0122 /* Release */ = {
			isa = XCBuildConfiguration;
			baseConfigurationReference = 19D53CFF7DDA32F2EDA0A06C /* Pods-Dining Tracker.release.xcconfig */;
			buildSettings = {
				ASSETCATALOG_COMPILER_APPICON_NAME = AppIcon;
				"CODE_SIGN_IDENTITY[sdk=iphoneos*]" = "iPhone Developer";
				DEVELOPMENT_TEAM = S4JEZRL8YY;
				GCC_OPTIMIZATION_LEVEL = fast;
				INFOPLIST_FILE = "Dining Tracker/Info.plist";
				IPHONEOS_DEPLOYMENT_TARGET = 10.0;
				LD_RUNPATH_SEARCH_PATHS = "$(inherited) @executable_path/Frameworks";
				PRODUCT_BUNDLE_IDENTIFIER = "alextaffe.Dining-Tracker";
				PRODUCT_NAME = "$(TARGET_NAME)";
				TARGETED_DEVICE_FAMILY = "1,2";
			};
			name = Release;
		};
		FAD028EC1F68400600CA0122 /* Debug */ = {
			isa = XCBuildConfiguration;
			buildSettings = {
				BUNDLE_LOADER = "$(TEST_HOST)";
				INFOPLIST_FILE = "Dining TrackerTests/Info.plist";
				LD_RUNPATH_SEARCH_PATHS = "$(inherited) @executable_path/Frameworks @loader_path/Frameworks";
				PRODUCT_BUNDLE_IDENTIFIER = "alextaffe.Dining-TrackerTests";
				PRODUCT_NAME = "$(TARGET_NAME)";
				TEST_HOST = "$(BUILT_PRODUCTS_DIR)/Dining Tracker.app/Dining Tracker";
			};
			name = Debug;
		};
		FAD028ED1F68400600CA0122 /* Release */ = {
			isa = XCBuildConfiguration;
			buildSettings = {
				BUNDLE_LOADER = "$(TEST_HOST)";
				INFOPLIST_FILE = "Dining TrackerTests/Info.plist";
				LD_RUNPATH_SEARCH_PATHS = "$(inherited) @executable_path/Frameworks @loader_path/Frameworks";
				PRODUCT_BUNDLE_IDENTIFIER = "alextaffe.Dining-TrackerTests";
				PRODUCT_NAME = "$(TARGET_NAME)";
				TEST_HOST = "$(BUILT_PRODUCTS_DIR)/Dining Tracker.app/Dining Tracker";
			};
			name = Release;
		};
		FAD028EF1F68400600CA0122 /* Debug */ = {
			isa = XCBuildConfiguration;
			buildSettings = {
				INFOPLIST_FILE = "Dining TrackerUITests/Info.plist";
				LD_RUNPATH_SEARCH_PATHS = "$(inherited) @executable_path/Frameworks @loader_path/Frameworks";
				PRODUCT_BUNDLE_IDENTIFIER = "alextaffe.Dining-TrackerUITests";
				PRODUCT_NAME = "$(TARGET_NAME)";
				TEST_TARGET_NAME = "Dining Tracker";
			};
			name = Debug;
		};
		FAD028F01F68400600CA0122 /* Release */ = {
			isa = XCBuildConfiguration;
			buildSettings = {
				INFOPLIST_FILE = "Dining TrackerUITests/Info.plist";
				LD_RUNPATH_SEARCH_PATHS = "$(inherited) @executable_path/Frameworks @loader_path/Frameworks";
				PRODUCT_BUNDLE_IDENTIFIER = "alextaffe.Dining-TrackerUITests";
				PRODUCT_NAME = "$(TARGET_NAME)";
				TEST_TARGET_NAME = "Dining Tracker";
			};
			name = Release;
		};
/* End XCBuildConfiguration section */

/* Begin XCConfigurationList section */
		FAC48B241F7178FD003462EB /* Build configuration list for PBXNativeTarget "Dining Tracker Watch Extension" */ = {
			isa = XCConfigurationList;
			buildConfigurations = (
				FAC48B251F7178FD003462EB /* Debug */,
				FAC48B261F7178FD003462EB /* Release */,
			);
			defaultConfigurationIsVisible = 0;
			defaultConfigurationName = Release;
		};
		FAC48B281F7178FD003462EB /* Build configuration list for PBXNativeTarget "Dining Tracker Watch" */ = {
			isa = XCConfigurationList;
			buildConfigurations = (
				FAC48B291F7178FD003462EB /* Debug */,
				FAC48B2A1F7178FD003462EB /* Release */,
			);
			defaultConfigurationIsVisible = 0;
			defaultConfigurationName = Release;
		};
		FAD028B31F68400600CA0122 /* Build configuration list for PBXProject "Dining Tracker" */ = {
			isa = XCConfigurationList;
			buildConfigurations = (
				FAD028E61F68400600CA0122 /* Debug */,
				FAD028E71F68400600CA0122 /* Release */,
			);
			defaultConfigurationIsVisible = 0;
			defaultConfigurationName = Release;
		};
		FAD028E81F68400600CA0122 /* Build configuration list for PBXNativeTarget "Dining Tracker" */ = {
			isa = XCConfigurationList;
			buildConfigurations = (
				FAD028E91F68400600CA0122 /* Debug */,
				FAD028EA1F68400600CA0122 /* Release */,
			);
			defaultConfigurationIsVisible = 0;
			defaultConfigurationName = Release;
		};
		FAD028EB1F68400600CA0122 /* Build configuration list for PBXNativeTarget "Dining TrackerTests" */ = {
			isa = XCConfigurationList;
			buildConfigurations = (
				FAD028EC1F68400600CA0122 /* Debug */,
				FAD028ED1F68400600CA0122 /* Release */,
			);
			defaultConfigurationIsVisible = 0;
			defaultConfigurationName = Release;
		};
		FAD028EE1F68400600CA0122 /* Build configuration list for PBXNativeTarget "Dining TrackerUITests" */ = {
			isa = XCConfigurationList;
			buildConfigurations = (
				FAD028EF1F68400600CA0122 /* Debug */,
				FAD028F01F68400600CA0122 /* Release */,
			);
			defaultConfigurationIsVisible = 0;
			defaultConfigurationName = Release;
		};
/* End XCConfigurationList section */

/* Begin XCVersionGroup section */
		FAD028C71F68400600CA0122 /* Dining_Tracker.xcdatamodeld */ = {
			isa = XCVersionGroup;
			children = (
				FAD028C81F68400600CA0122 /* Dining_Tracker.xcdatamodel */,
			);
			currentVersion = FAD028C81F68400600CA0122 /* Dining_Tracker.xcdatamodel */;
			path = Dining_Tracker.xcdatamodeld;
			sourceTree = "<group>";
			versionGroupType = wrapper.xcdatamodel;
		};
/* End XCVersionGroup section */
	};
	rootObject = FAD028B01F68400600CA0122 /* Project object */;
}
